// !$*UTF8*$!
{
	archiveVersion = 1;
	classes = {
	};
	objectVersion = 56;
	objects = {

/* Begin PBXBuildFile section */
		274DEAF62F8726E10017C83E /* 静水icon 4.icon in Resources */ = {isa = PBXBuildFile; fileRef = 274DEAF52F8726E10017C83E /* 静水icon 4.icon */; };
		A1B2C3D4E5F60001000A0001 /* MyCoreAssetsApp.swift in Sources */ = {isa = PBXBuildFile; fileRef = A1B2C3D4E5F60002000A0001 /* MyCoreAssetsApp.swift */; };
		A1B2C3D4E5F60001000A0002 /* MockData.swift in Sources */ = {isa = PBXBuildFile; fileRef = A1B2C3D4E5F60002000A0002 /* MockData.swift */; };
		A1B2C3D4E5F60001000A0003 /* AppTheme.swift in Sources */ = {isa = PBXBuildFile; fileRef = A1B2C3D4E5F60002000A0003 /* AppTheme.swift */; };
		A1B2C3D4E5F60001000A0004 /* DashboardView.swift in Sources */ = {isa = PBXBuildFile; fileRef = A1B2C3D4E5F60002000A0004 /* DashboardView.swift */; };
		A1B2C3D4E5F60001000A0005 /* PortfolioSummaryCard.swift in Sources */ = {isa = PBXBuildFile; fileRef = A1B2C3D4E5F60002000A0005 /* PortfolioSummaryCard.swift */; };
		A1B2C3D4E5F60001000A0006 /* AssetCardView.swift in Sources */ = {isa = PBXBuildFile; fileRef = A1B2C3D4E5F60002000A0006 /* AssetCardView.swift */; };
		A1B2C3D4E5F60001000A0007 /* AssetDetailView.swift in Sources */ = {isa = PBXBuildFile; fileRef = A1B2C3D4E5F60002000A0007 /* AssetDetailView.swift */; };
		A1B2C3D4E5F60001000A0008 /* PlaceholderTabView.swift in Sources */ = {isa = PBXBuildFile; fileRef = A1B2C3D4E5F60002000A0008 /* PlaceholderTabView.swift */; };
		A1B2C3D4E5F60001000A0009 /* Assets.xcassets in Resources */ = {isa = PBXBuildFile; fileRef = A1B2C3D4E5F60002000A0009 /* Assets.xcassets */; };
		A1B2C3D4E5F60001000A000A /* Preview Assets.xcassets in Resources */ = {isa = PBXBuildFile; fileRef = A1B2C3D4E5F60002000A000A /* Preview Assets.xcassets */; };
		A1B2C3D4E5F60001000A000B /* Asset.swift in Sources */ = {isa = PBXBuildFile; fileRef = A1B2C3D4E5F60002000A000B /* Asset.swift */; };
		A1B2C3D4E5F60001000A000C /* Transaction.swift in Sources */ = {isa = PBXBuildFile; fileRef = A1B2C3D4E5F60002000A000C /* Transaction.swift */; };
		A1B2C3D4E5F60001000A000D /* Portfolio.swift in Sources */ = {isa = PBXBuildFile; fileRef = A1B2C3D4E5F60002000A000D /* Portfolio.swift */; };
		A1B2C3D4E5F60001000A000E /* PresetAssets.swift in Sources */ = {isa = PBXBuildFile; fileRef = A1B2C3D4E5F60002000A000E /* PresetAssets.swift */; };
		A1B2C3D4E5F60001000A000F /* InitialSetupView.swift in Sources */ = {isa = PBXBuildFile; fileRef = A1B2C3D4E5F60002000A000F /* InitialSetupView.swift */; };
		A1B2C3D4E5F60001000A0010 /* AssetSearchView.swift in Sources */ = {isa = PBXBuildFile; fileRef = A1B2C3D4E5F60002000A0010 /* AssetSearchView.swift */; };
		A1B2C3D4E5F60001000A0011 /* PriceServiceProtocol.swift in Sources */ = {isa = PBXBuildFile; fileRef = A1B2C3D4E5F60002000A0011 /* PriceServiceProtocol.swift */; };
		A1B2C3D4E5F60001000A0012 /* RealPriceService.swift in Sources */ = {isa = PBXBuildFile; fileRef = A1B2C3D4E5F60002000A0012 /* RealPriceService.swift */; };
		A1B2C3D4E5F60001000A0013 /* MockPriceService.swift in Sources */ = {isa = PBXBuildFile; fileRef = A1B2C3D4E5F60002000A0013 /* MockPriceService.swift */; };
		A1B2C3D4E5F60001000A001C /* NotificationService.swift in Sources */ = {isa = PBXBuildFile; fileRef = A1B2C3D4E5F60002000A001C /* NotificationService.swift */; };
		A1B2C3D4E5F60001000A001D /* DividendServiceProtocol.swift in Sources */ = {isa = PBXBuildFile; fileRef = A1B2C3D4E5F60002000A001D /* DividendServiceProtocol.swift */; };
		A1B2C3D4E5F60001000A001E /* RealDividendService.swift in Sources */ = {isa = PBXBuildFile; fileRef = A1B2C3D4E5F60002000A001E /* RealDividendService.swift */; };
		A1B2C3D4E5F60001000A001F /* DividendRecordView.swift in Sources */ = {isa = PBXBuildFile; fileRef = A1B2C3D4E5F60002000A001F /* DividendRecordView.swift */; };
		A1B2C3D4E5F60001000A0020 /* SplitRecordView.swift in Sources */ = {isa = PBXBuildFile; fileRef = A1B2C3D4E5F60002000A0020 /* SplitRecordView.swift */; };
		A1B2C3D4E5F60001000A0021 /* BonusShareRecordView.swift in Sources */ = {isa = PBXBuildFile; fileRef = A1B2C3D4E5F60002000A0021 /* BonusShareRecordView.swift */; };
		A1B2C3D4E5F60001000A0022 /* RightsRecordView.swift in Sources */ = {isa = PBXBuildFile; fileRef = A1B2C3D4E5F60002000A0022 /* RightsRecordView.swift */; };
		A1B2C3D4E5F60001000A0014 /* ForexServiceProtocol.swift in Sources */ = {isa = PBXBuildFile; fileRef = A1B2C3D4E5F60002000A0014 /* ForexServiceProtocol.swift */; };
		A1B2C3D4E5F60001000A0015 /* StaticForexService.swift in Sources */ = {isa = PBXBuildFile; fileRef = A1B2C3D4E5F60002000A0015 /* StaticForexService.swift */; };
		A1B2C3D4E5F60001000A0016 /* BuyView.swift in Sources */ = {isa = PBXBuildFile; fileRef = A1B2C3D4E5F60002000A0016 /* BuyView.swift */; };
		A1B2C3D4E5F60001000A0017 /* SellView.swift in Sources */ = {isa = PBXBuildFile; fileRef = A1B2C3D4E5F60002000A0017 /* SellView.swift */; };
		A1B2C3D4E5F60001000A0018 /* TransactionHistoryView.swift in Sources */ = {isa = PBXBuildFile; fileRef = A1B2C3D4E5F60002000A0018 /* TransactionHistoryView.swift */; };
		A1B2C3D4E5F60001000A0019 /* AssetListManageView.swift in Sources */ = {isa = PBXBuildFile; fileRef = A1B2C3D4E5F60002000A0019 /* AssetListManageView.swift */; };
		A1B2C3D4E5F60001000A001A /* AssetEditView.swift in Sources */ = {isa = PBXBuildFile; fileRef = A1B2C3D4E5F60002000A001A /* AssetEditView.swift */; };
		A1B2C3D4E5F60001000A001B /* SettingsView.swift in Sources */ = {isa = PBXBuildFile; fileRef = A1B2C3D4E5F60002000A001B /* SettingsView.swift */; };
/* End PBXBuildFile section */

/* Begin PBXFileReference section */
		274DEAF52F8726E10017C83E /* 静水icon 4.icon */ = {isa = PBXFileReference; lastKnownFileType = folder.iconcomposer.icon; path = "静水icon 4.icon"; sourceTree = "<group>"; };
		A1B2C3D4E5F60002000A0001 /* MyCoreAssetsApp.swift */ = {isa = PBXFileReference; lastKnownFileType = sourcecode.swift; path = MyCoreAssetsApp.swift; sourceTree = "<group>"; };
		A1B2C3D4E5F60002000A0002 /* MockData.swift */ = {isa = PBXFileReference; lastKnownFileType = sourcecode.swift; path = MockData.swift; sourceTree = "<group>"; };
		A1B2C3D4E5F60002000A0003 /* AppTheme.swift */ = {isa = PBXFileReference; lastKnownFileType = sourcecode.swift; path = AppTheme.swift; sourceTree = "<group>"; };
		A1B2C3D4E5F60002000A0004 /* DashboardView.swift */ = {isa = PBXFileReference; lastKnownFileType = sourcecode.swift; path = DashboardView.swift; sourceTree = "<group>"; };
		A1B2C3D4E5F60002000A0005 /* PortfolioSummaryCard.swift */ = {isa = PBXFileReference; lastKnownFileType = sourcecode.swift; path = PortfolioSummaryCard.swift; sourceTree = "<group>"; };
		A1B2C3D4E5F60002000A0006 /* AssetCardView.swift */ = {isa = PBXFileReference; lastKnownFileType = sourcecode.swift; path = AssetCardView.swift; sourceTree = "<group>"; };
		A1B2C3D4E5F60002000A0007 /* AssetDetailView.swift */ = {isa = PBXFileReference; lastKnownFileType = sourcecode.swift; path = AssetDetailView.swift; sourceTree = "<group>"; };
		A1B2C3D4E5F60002000A0008 /* PlaceholderTabView.swift */ = {isa = PBXFileReference; lastKnownFileType = sourcecode.swift; path = PlaceholderTabView.swift; sourceTree = "<group>"; };
		A1B2C3D4E5F60002000A0009 /* Assets.xcassets */ = {isa = PBXFileReference; lastKnownFileType = folder.assetcatalog; path = Assets.xcassets; sourceTree = "<group>"; };
		A1B2C3D4E5F60002000A000A /* Preview Assets.xcassets */ = {isa = PBXFileReference; lastKnownFileType = folder.assetcatalog; path = "Preview Assets.xcassets"; sourceTree = "<group>"; };
		A1B2C3D4E5F60002000A000B /* Asset.swift */ = {isa = PBXFileReference; lastKnownFileType = sourcecode.swift; path = Asset.swift; sourceTree = "<group>"; };
		A1B2C3D4E5F60002000A000C /* Transaction.swift */ = {isa = PBXFileReference; lastKnownFileType = sourcecode.swift; path = Transaction.swift; sourceTree = "<group>"; };
		A1B2C3D4E5F60002000A000D /* Portfolio.swift */ = {isa = PBXFileReference; lastKnownFileType = sourcecode.swift; path = Portfolio.swift; sourceTree = "<group>"; };
		A1B2C3D4E5F60002000A000E /* PresetAssets.swift */ = {isa = PBXFileReference; lastKnownFileType = sourcecode.swift; path = PresetAssets.swift; sourceTree = "<group>"; };
		A1B2C3D4E5F60002000A000F /* InitialSetupView.swift */ = {isa = PBXFileReference; lastKnownFileType = sourcecode.swift; path = InitialSetupView.swift; sourceTree = "<group>"; };
		A1B2C3D4E5F60002000A0010 /* AssetSearchView.swift */ = {isa = PBXFileReference; lastKnownFileType = sourcecode.swift; path = AssetSearchView.swift; sourceTree = "<group>"; };
		A1B2C3D4E5F60002000A0011 /* PriceServiceProtocol.swift */ = {isa = PBXFileReference; lastKnownFileType = sourcecode.swift; path = PriceServiceProtocol.swift; sourceTree = "<group>"; };
		A1B2C3D4E5F60002000A0012 /* RealPriceService.swift */ = {isa = PBXFileReference; lastKnownFileType = sourcecode.swift; path = RealPriceService.swift; sourceTree = "<group>"; };
		A1B2C3D4E5F60002000A0013 /* MockPriceService.swift */ = {isa = PBXFileReference; lastKnownFileType = sourcecode.swift; path = MockPriceService.swift; sourceTree = "<group>"; };
		A1B2C3D4E5F60002000A001C /* NotificationService.swift */ = {isa = PBXFileReference; lastKnownFileType = sourcecode.swift; path = NotificationService.swift; sourceTree = "<group>"; };
		A1B2C3D4E5F60002000A001D /* DividendServiceProtocol.swift */ = {isa = PBXFileReference; lastKnownFileType = sourcecode.swift; path = DividendServiceProtocol.swift; sourceTree = "<group>"; };
		A1B2C3D4E5F60002000A001E /* RealDividendService.swift */ = {isa = PBXFileReference; lastKnownFileType = sourcecode.swift; path = RealDividendService.swift; sourceTree = "<group>"; };
		A1B2C3D4E5F60002000A001F /* DividendRecordView.swift */ = {isa = PBXFileReference; lastKnownFileType = sourcecode.swift; path = DividendRecordView.swift; sourceTree = "<group>"; };
		A1B2C3D4E5F60002000A0020 /* SplitRecordView.swift */ = {isa = PBXFileReference; lastKnownFileType = sourcecode.swift; path = SplitRecordView.swift; sourceTree = "<group>"; };
		A1B2C3D4E5F60002000A0021 /* BonusShareRecordView.swift */ = {isa = PBXFileReference; lastKnownFileType = sourcecode.swift; path = BonusShareRecordView.swift; sourceTree = "<group>"; };
		A1B2C3D4E5F60002000A0022 /* RightsRecordView.swift */ = {isa = PBXFileReference; lastKnownFileType = sourcecode.swift; path = RightsRecordView.swift; sourceTree = "<group>"; };
		A1B2C3D4E5F60002000A0014 /* ForexServiceProtocol.swift */ = {isa = PBXFileReference; lastKnownFileType = sourcecode.swift; path = ForexServiceProtocol.swift; sourceTree = "<group>"; };
		A1B2C3D4E5F60002000A0015 /* StaticForexService.swift */ = {isa = PBXFileReference; lastKnownFileType = sourcecode.swift; path = StaticForexService.swift; sourceTree = "<group>"; };
		A1B2C3D4E5F60002000A0016 /* BuyView.swift */ = {isa = PBXFileReference; lastKnownFileType = sourcecode.swift; path = BuyView.swift; sourceTree = "<group>"; };
		A1B2C3D4E5F60002000A0017 /* SellView.swift */ = {isa = PBXFileReference; lastKnownFileType = sourcecode.swift; path = SellView.swift; sourceTree = "<group>"; };
		A1B2C3D4E5F60002000A0018 /* TransactionHistoryView.swift */ = {isa = PBXFileReference; lastKnownFileType = sourcecode.swift; path = TransactionHistoryView.swift; sourceTree = "<group>"; };
		A1B2C3D4E5F60002000A0019 /* AssetListManageView.swift */ = {isa = PBXFileReference; lastKnownFileType = sourcecode.swift; path = AssetListManageView.swift; sourceTree = "<group>"; };
		A1B2C3D4E5F60002000A001A /* AssetEditView.swift */ = {isa = PBXFileReference; lastKnownFileType = sourcecode.swift; path = AssetEditView.swift; sourceTree = "<group>"; };
		A1B2C3D4E5F60002000A001B /* SettingsView.swift */ = {isa = PBXFileReference; lastKnownFileType = sourcecode.swift; path = SettingsView.swift; sourceTree = "<group>"; };
		A1B2C3D4E5F60003000A0001 /* MyCoreAssetsApp.app */ = {isa = PBXFileReference; explicitFileType = wrapper.application; includeInIndex = 0; path = MyCoreAssetsApp.app; sourceTree = BUILT_PRODUCTS_DIR; };
/* End PBXFileReference section */

/* Begin PBXFrameworksBuildPhase section */
		A1B2C3D4E5F60004000A0001 /* Frameworks */ = {
			isa = PBXFrameworksBuildPhase;
			buildActionMask = 2147483647;
			files = (
			);
			runOnlyForDeploymentPostprocessing = 0;
		};
/* End PBXFrameworksBuildPhase section */

/* Begin PBXGroup section */
		A1B2C3D4E5F60005000A0001 = {
			isa = PBXGroup;
			children = (
				A1B2C3D4E5F60005000A0002 /* MyCoreAssetsApp */,
				A1B2C3D4E5F60005000A000A /* Products */,
				274DEAF52F8726E10017C83E /* 静水icon 4.icon */,
			);
			sourceTree = "<group>";
		};
		A1B2C3D4E5F60005000A0002 /* MyCoreAssetsApp */ = {
			isa = PBXGroup;
			children = (
				A1B2C3D4E5F60002000A0001 /* MyCoreAssetsApp.swift */,
				A1B2C3D4E5F60005000A0003 /* Models */,
				A1B2C3D4E5F60005000A000C /* Services */,
				A1B2C3D4E5F60005000A0004 /* Theme */,
				A1B2C3D4E5F60005000A0005 /* Views */,
				A1B2C3D4E5F60002000A0009 /* Assets.xcassets */,
				A1B2C3D4E5F60005000A0009 /* Preview Content */,
			);
			path = MyCoreAssetsApp;
			sourceTree = "<group>";
		};
		A1B2C3D4E5F60005000A0003 /* Models */ = {
			isa = PBXGroup;
			children = (
				A1B2C3D4E5F60002000A000B /* Asset.swift */,
				A1B2C3D4E5F60002000A000C /* Transaction.swift */,
				A1B2C3D4E5F60002000A000D /* Portfolio.swift */,
				A1B2C3D4E5F60002000A000E /* PresetAssets.swift */,
				A1B2C3D4E5F60002000A0002 /* MockData.swift */,
			);
			path = Models;
			sourceTree = "<group>";
		};
		A1B2C3D4E5F60005000A0004 /* Theme */ = {
			isa = PBXGroup;
			children = (
				A1B2C3D4E5F60002000A0003 /* AppTheme.swift */,
			);
			path = Theme;
			sourceTree = "<group>";
		};
		A1B2C3D4E5F60005000A0005 /* Views */ = {
			isa = PBXGroup;
			children = (
				A1B2C3D4E5F60005000A0006 /* Dashboard */,
				A1B2C3D4E5F60005000A0007 /* Detail */,
				A1B2C3D4E5F60005000A000B /* Setup */,
				A1B2C3D4E5F60005000A000D /* Trade */,
				A1B2C3D4E5F60005000A000E /* Asset */,
				A1B2C3D4E5F60005000A000F /* History */,
				A1B2C3D4E5F60005000A0010 /* Settings */,
				A1B2C3D4E5F60005000A0008 /* Placeholder */,
			);
			path = Views;
			sourceTree = "<group>";
		};
		A1B2C3D4E5F60005000A0006 /* Dashboard */ = {
			isa = PBXGroup;
			children = (
				A1B2C3D4E5F60002000A0004 /* DashboardView.swift */,
				A1B2C3D4E5F60002000A0005 /* PortfolioSummaryCard.swift */,
				A1B2C3D4E5F60002000A0006 /* AssetCardView.swift */,
			);
			path = Dashboard;
			sourceTree = "<group>";
		};
		A1B2C3D4E5F60005000A0007 /* Detail */ = {
			isa = PBXGroup;
			children = (
				A1B2C3D4E5F60002000A0007 /* AssetDetailView.swift */,
			);
			path = Detail;
			sourceTree = "<group>";
		};
		A1B2C3D4E5F60005000A0008 /* Placeholder */ = {
			isa = PBXGroup;
			children = (
				A1B2C3D4E5F60002000A0008 /* PlaceholderTabView.swift */,
			);
			path = Placeholder;
			sourceTree = "<group>";
		};
		A1B2C3D4E5F60005000A0009 /* Preview Content */ = {
			isa = PBXGroup;
			children = (
				A1B2C3D4E5F60002000A000A /* Preview Assets.xcassets */,
			);
			path = "Preview Content";
			sourceTree = "<group>";
		};
		A1B2C3D4E5F60005000A000A /* Products */ = {
			isa = PBXGroup;
			children = (
				A1B2C3D4E5F60003000A0001 /* MyCoreAssetsApp.app */,
			);
			name = Products;
			sourceTree = "<group>";
		};
		A1B2C3D4E5F60005000A000B /* Setup */ = {
			isa = PBXGroup;
			children = (
				A1B2C3D4E5F60002000A000F /* InitialSetupView.swift */,
				A1B2C3D4E5F60002000A0010 /* AssetSearchView.swift */,
			);
			path = Setup;
			sourceTree = "<group>";
		};
		A1B2C3D4E5F60005000A000C /* Services */ = {
			isa = PBXGroup;
			children = (
				A1B2C3D4E5F60002000A0011 /* PriceServiceProtocol.swift */,
				A1B2C3D4E5F60002000A0012 /* RealPriceService.swift */,
				A1B2C3D4E5F60002000A0013 /* MockPriceService.swift */,
				A1B2C3D4E5F60002000A0014 /* ForexServiceProtocol.swift */,
				A1B2C3D4E5F60002000A0015 /* StaticForexService.swift */,
				A1B2C3D4E5F60002000A001C /* NotificationService.swift */,
				A1B2C3D4E5F60002000A001D /* DividendServiceProtocol.swift */,
				A1B2C3D4E5F60002000A001E /* RealDividendService.swift */,
			);
			path = Services;
			sourceTree = "<group>";
		};
		A1B2C3D4E5F60005000A000D /* Trade */ = {
			isa = PBXGroup;
			children = (
				A1B2C3D4E5F60002000A0016 /* BuyView.swift */,
				A1B2C3D4E5F60002000A0017 /* SellView.swift */,
				A1B2C3D4E5F60002000A001F /* DividendRecordView.swift */,
				A1B2C3D4E5F60002000A0020 /* SplitRecordView.swift */,
				A1B2C3D4E5F60002000A0021 /* BonusShareRecordView.swift */,
				A1B2C3D4E5F60002000A0022 /* RightsRecordView.swift */,
			);
			path = Trade;
			sourceTree = "<group>";
		};
		A1B2C3D4E5F60005000A000E /* Asset */ = {
			isa = PBXGroup;
			children = (
				A1B2C3D4E5F60002000A0019 /* AssetListManageView.swift */,
				A1B2C3D4E5F60002000A001A /* AssetEditView.swift */,
			);
			path = Asset;
			sourceTree = "<group>";
		};
		A1B2C3D4E5F60005000A000F /* History */ = {
			isa = PBXGroup;
			children = (
				A1B2C3D4E5F60002000A0018 /* TransactionHistoryView.swift */,
			);
			path = History;
			sourceTree = "<group>";
		};
		A1B2C3D4E5F60005000A0010 /* Settings */ = {
			isa = PBXGroup;
			children = (
				A1B2C3D4E5F60002000A001B /* SettingsView.swift */,
			);
			path = Settings;
			sourceTree = "<group>";
		};
/* End PBXGroup section */

/* Begin PBXNativeTarget section */
		A1B2C3D4E5F60006000A0001 /* MyCoreAssetsApp */ = {
			isa = PBXNativeTarget;
			buildConfigurationList = A1B2C3D4E5F60008000A0003 /* Build configuration list for PBXNativeTarget "MyCoreAssetsApp" */;
			buildPhases = (
				A1B2C3D4E5F60007000A0001 /* Sources */,
				A1B2C3D4E5F60004000A0001 /* Frameworks */,
				A1B2C3D4E5F60007000A0002 /* Resources */,
			);
			buildRules = (
			);
			dependencies = (
			);
			name = MyCoreAssetsApp;
			productName = MyCoreAssetsApp;
			productReference = A1B2C3D4E5F60003000A0001 /* MyCoreAssetsApp.app */;
			productType = "com.apple.product-type.application";
		};
/* End PBXNativeTarget section */

/* Begin PBXProject section */
		A1B2C3D4E5F60009000A0001 /* Project object */ = {
			isa = PBXProject;
			attributes = {
				BuildIndependentTargetsInParallel = 1;
				LastSwiftUpdateCheck = 1540;
				LastUpgradeCheck = 2640;
				TargetAttributes = {
					A1B2C3D4E5F60006000A0001 = {
						CreatedOnToolsVersion = 15.4;
					};
				};
			};
			buildConfigurationList = A1B2C3D4E5F60008000A0001 /* Build configuration list for PBXProject "MyCoreAssetsApp" */;
			compatibilityVersion = "Xcode 14.0";
			developmentRegion = "zh-Hans";
			hasScannedForEncodings = 0;
			knownRegions = (
				en,
				"zh-Hans",
				Base,
			);
			mainGroup = A1B2C3D4E5F60005000A0001;
			productRefGroup = A1B2C3D4E5F60005000A000A /* Products */;
			projectDirPath = "";
			projectRoot = "";
			targets = (
				A1B2C3D4E5F60006000A0001 /* MyCoreAssetsApp */,
			);
		};
/* End PBXProject section */

/* Begin PBXResourcesBuildPhase section */
		A1B2C3D4E5F60007000A0002 /* Resources */ = {
			isa = PBXResourcesBuildPhase;
			buildActionMask = 2147483647;
			files = (
				A1B2C3D4E5F60001000A000A /* Preview Assets.xcassets in Resources */,
				A1B2C3D4E5F60001000A0009 /* Assets.xcassets in Resources */,
				274DEAF62F8726E10017C83E /* 静水icon 4.icon in Resources */,
			);
			runOnlyForDeploymentPostprocessing = 0;
		};
/* End PBXResourcesBuildPhase section */

/* Begin PBXSourcesBuildPhase section */
		A1B2C3D4E5F60007000A0001 /* Sources */ = {
			isa = PBXSourcesBuildPhase;
			buildActionMask = 2147483647;
			files = (
				A1B2C3D4E5F60001000A0001 /* MyCoreAssetsApp.swift in Sources */,
				A1B2C3D4E5F60001000A0002 /* MockData.swift in Sources */,
				A1B2C3D4E5F60001000A0003 /* AppTheme.swift in Sources */,
				A1B2C3D4E5F60001000A0004 /* DashboardView.swift in Sources */,
				A1B2C3D4E5F60001000A0005 /* PortfolioSummaryCard.swift in Sources */,
				A1B2C3D4E5F60001000A0006 /* AssetCardView.swift in Sources */,
				A1B2C3D4E5F60001000A0007 /* AssetDetailView.swift in Sources */,
				A1B2C3D4E5F60001000A0008 /* PlaceholderTabView.swift in Sources */,
				A1B2C3D4E5F60001000A000B /* Asset.swift in Sources */,
				A1B2C3D4E5F60001000A000C /* Transaction.swift in Sources */,
				A1B2C3D4E5F60001000A000D /* Portfolio.swift in Sources */,
				A1B2C3D4E5F60001000A000E /* PresetAssets.swift in Sources */,
				A1B2C3D4E5F60001000A000F /* InitialSetupView.swift in Sources */,
				A1B2C3D4E5F60001000A0010 /* AssetSearchView.swift in Sources */,
				A1B2C3D4E5F60001000A0011 /* PriceServiceProtocol.swift in Sources */,
				A1B2C3D4E5F60001000A0012 /* RealPriceService.swift in Sources */,
				A1B2C3D4E5F60001000A0013 /* MockPriceService.swift in Sources */,
				A1B2C3D4E5F60001000A0014 /* ForexServiceProtocol.swift in Sources */,
				A1B2C3D4E5F60001000A0015 /* StaticForexService.swift in Sources */,
				A1B2C3D4E5F60001000A0016 /* BuyView.swift in Sources */,
				A1B2C3D4E5F60001000A0017 /* SellView.swift in Sources */,
				A1B2C3D4E5F60001000A0018 /* TransactionHistoryView.swift in Sources */,
				A1B2C3D4E5F60001000A0019 /* AssetListManageView.swift in Sources */,
				A1B2C3D4E5F60001000A001A /* AssetEditView.swift in Sources */,
				A1B2C3D4E5F60001000A001B /* SettingsView.swift in Sources */,
				A1B2C3D4E5F60001000A001C /* NotificationService.swift in Sources */,
				A1B2C3D4E5F60001000A001D /* DividendServiceProtocol.swift in Sources */,
				A1B2C3D4E5F60001000A001E /* RealDividendService.swift in Sources */,
				A1B2C3D4E5F60001000A001F /* DividendRecordView.swift in Sources */,
				A1B2C3D4E5F60001000A0020 /* SplitRecordView.swift in Sources */,
				A1B2C3D4E5F60001000A0021 /* BonusShareRecordView.swift in Sources */,
				A1B2C3D4E5F60001000A0022 /* RightsRecordView.swift in Sources */,
			);
			runOnlyForDeploymentPostprocessing = 0;
		};
/* End PBXSourcesBuildPhase section */

/* Begin XCBuildConfiguration section */
		A1B2C3D4E5F60008000A0011 /* Debug */ = {
			isa = XCBuildConfiguration;
			buildSettings = {
				ALWAYS_SEARCH_USER_PATHS = NO;
				ASSETCATALOG_COMPILER_GENERATE_SWIFT_ASSET_SYMBOL_EXTENSIONS = YES;
				CLANG_ANALYZER_NONNULL = YES;
				CLANG_ANALYZER_NUMBER_OBJECT_CONVERSION = YES_AGGRESSIVE;
				CLANG_CXX_LANGUAGE_STANDARD = "gnu++20";
				CLANG_ENABLE_MODULES = YES;
				CLANG_ENABLE_OBJC_ARC = YES;
				CLANG_ENABLE_OBJC_WEAK = YES;
				CLANG_WARN_BLOCK_CAPTURE_AUTORELEASING = YES;
				CLANG_WARN_BOOL_CONVERSION = YES;
				CLANG_WARN_COMMA = YES;
				CLANG_WARN_CONSTANT_CONVERSION = YES;
				CLANG_WARN_DEPRECATED_OBJC_IMPLEMENTATIONS = YES;
				CLANG_WARN_DIRECT_OBJC_ISA_USAGE = YES_ERROR;
				CLANG_WARN_DOCUMENTATION_COMMENTS = YES;
				CLANG_WARN_EMPTY_BODY = YES;
				CLANG_WARN_ENUM_CONVERSION = YES;
				CLANG_WARN_INFINITE_RECURSION = YES;
				CLANG_WARN_INT_CONVERSION = YES;
				CLANG_WARN_NON_LITERAL_NULL_CONVERSION = YES;
				CLANG_WARN_OBJC_IMPLICIT_RETAIN_SELF = YES;
				CLANG_WARN_OBJC_LITERAL_CONVERSION = YES;
				CLANG_WARN_OBJC_ROOT_CLASS = YES_ERROR;
				CLANG_WARN_QUOTED_INCLUDE_IN_FRAMEWORK_HEADER = YES;
				CLANG_WARN_RANGE_LOOP_ANALYSIS = YES;
				CLANG_WARN_STRICT_PROTOTYPES = YES;
				CLANG_WARN_SUSPICIOUS_MOVE = YES;
				CLANG_WARN_UNGUARDED_AVAILABILITY = YES_AGGRESSIVE;
				CLANG_WARN_UNREACHABLE_CODE = YES;
				CLANG_WARN__DUPLICATE_METHOD_MATCH = YES;
				COPY_PHASE_STRIP = NO;
				DEBUG_INFORMATION_FORMAT = dwarf;
				DEVELOPMENT_TEAM = 8QALU472K8;
				ENABLE_STRICT_OBJC_MSGSEND = YES;
				ENABLE_TESTABILITY = YES;
				ENABLE_USER_SCRIPT_SANDBOXING = YES;
				GCC_C_LANGUAGE_STANDARD = gnu17;
				GCC_DYNAMIC_NO_PIC = NO;
				GCC_NO_COMMON_BLOCKS = YES;
				GCC_OPTIMIZATION_LEVEL = 0;
				GCC_PREPROCESSOR_DEFINITIONS = (
					"DEBUG=1",
					"$(inherited)",
				);
				GCC_WARN_64_TO_32_BIT_CONVERSION = YES;
				GCC_WARN_ABOUT_RETURN_TYPE = YES_ERROR;
				GCC_WARN_UNDECLARED_SELECTOR = YES;
				GCC_WARN_UNINITIALIZED_AUTOS = YES_AGGRESSIVE;
				GCC_WARN_UNUSED_FUNCTION = YES;
				GCC_WARN_UNUSED_VARIABLE = YES;
				IPHONEOS_DEPLOYMENT_TARGET = 17.0;
				LOCALIZATION_PREFERS_STRING_CATALOGS = YES;
				MTL_ENABLE_DEBUG_INFO = INCLUDE_SOURCE;
				MTL_FAST_MATH = YES;
				ONLY_ACTIVE_ARCH = YES;
				SDKROOT = iphoneos;
				STRING_CATALOG_GENERATE_SYMBOLS = YES;
				SWIFT_ACTIVE_COMPILATION_CONDITIONS = "$(inherited) DEBUG";
				SWIFT_OPTIMIZATION_LEVEL = "-Onone";
			};
			name = Debug;
		};
		A1B2C3D4E5F60008000A0012 /* Release */ = {
			isa = XCBuildConfiguration;
			buildSettings = {
				ALWAYS_SEARCH_USER_PATHS = NO;
				ASSETCATALOG_COMPILER_GENERATE_SWIFT_ASSET_SYMBOL_EXTENSIONS = YES;
				CLANG_ANALYZER_NONNULL = YES;
				CLANG_ANALYZER_NUMBER_OBJECT_CONVERSION = YES_AGGRESSIVE;
				CLANG_CXX_LANGUAGE_STANDARD = "gnu++20";
				CLANG_ENABLE_MODULES = YES;
				CLANG_ENABLE_OBJC_ARC = YES;
				CLANG_ENABLE_OBJC_WEAK = YES;
				CLANG_WARN_BLOCK_CAPTURE_AUTORELEASING = YES;
				CLANG_WARN_BOOL_CONVERSION = YES;
				CLANG_WARN_COMMA = YES;
				CLANG_WARN_CONSTANT_CONVERSION = YES;
				CLANG_WARN_DEPRECATED_OBJC_IMPLEMENTATIONS = YES;
				CLANG_WARN_DIRECT_OBJC_ISA_USAGE = YES_ERROR;
				CLANG_WARN_DOCUMENTATION_COMMENTS = YES;
				CLANG_WARN_EMPTY_BODY = YES;
				CLANG_WARN_ENUM_CONVERSION = YES;
				CLANG_WARN_INFINITE_RECURSION = YES;
				CLANG_WARN_INT_CONVERSION = YES;
				CLANG_WARN_NON_LITERAL_NULL_CONVERSION = YES;
				CLANG_WARN_OBJC_IMPLICIT_RETAIN_SELF = YES;
				CLANG_WARN_OBJC_LITERAL_CONVERSION = YES;
				CLANG_WARN_OBJC_ROOT_CLASS = YES_ERROR;
				CLANG_WARN_QUOTED_INCLUDE_IN_FRAMEWORK_HEADER = YES;
				CLANG_WARN_RANGE_LOOP_ANALYSIS = YES;
				CLANG_WARN_STRICT_PROTOTYPES = YES;
				CLANG_WARN_SUSPICIOUS_MOVE = YES;
				CLANG_WARN_UNGUARDED_AVAILABILITY = YES_AGGRESSIVE;
				CLANG_WARN_UNREACHABLE_CODE = YES;
				CLANG_WARN__DUPLICATE_METHOD_MATCH = YES;
				COPY_PHASE_STRIP = NO;
				DEBUG_INFORMATION_FORMAT = "dwarf-with-dsym";
				DEVELOPMENT_TEAM = 8QALU472K8;
				ENABLE_NS_ASSERTIONS = NO;
				ENABLE_STRICT_OBJC_MSGSEND = YES;
				ENABLE_USER_SCRIPT_SANDBOXING = YES;
				GCC_C_LANGUAGE_STANDARD = gnu17;
				GCC_NO_COMMON_BLOCKS = YES;
				GCC_WARN_64_TO_32_BIT_CONVERSION = YES;
				GCC_WARN_ABOUT_RETURN_TYPE = YES_ERROR;
				GCC_WARN_UNDECLARED_SELECTOR = YES;
				GCC_WARN_UNINITIALIZED_AUTOS = YES_AGGRESSIVE;
				GCC_WARN_UNUSED_FUNCTION = YES;
				GCC_WARN_UNUSED_VARIABLE = YES;
				IPHONEOS_DEPLOYMENT_TARGET = 17.0;
				LOCALIZATION_PREFERS_STRING_CATALOGS = YES;
				MTL_ENABLE_DEBUG_INFO = NO;
				MTL_FAST_MATH = YES;
				SDKROOT = iphoneos;
				STRING_CATALOG_GENERATE_SYMBOLS = YES;
				SWIFT_COMPILATION_MODE = wholemodule;
				VALIDATE_PRODUCT = YES;
			};
			name = Release;
		};
		A1B2C3D4E5F60008000A0021 /* Debug */ = {
			isa = XCBuildConfiguration;
			buildSettings = {
				ASSETCATALOG_COMPILER_APPICON_NAME = "静水icon 4";
				ASSETCATALOG_COMPILER_GLOBAL_ACCENT_COLOR_NAME = AccentColor;
				ASSETCATALOG_COMPILER_INCLUDE_ALL_APPICON_ASSETS = NO;
				CODE_SIGN_IDENTITY = "Apple Development";
				CODE_SIGN_STYLE = Automatic;
				CURRENT_PROJECT_VERSION = 2;
				DEVELOPMENT_ASSET_PATHS = "\"MyCoreAssetsApp/Preview Content\"";
				DEVELOPMENT_TEAM = 8QALU472K8;
				ENABLE_PREVIEWS = YES;
				GENERATE_INFOPLIST_FILE = YES;
				INFOPLIST_FILE = MyCoreAssetsApp/Info.plist;
				INFOPLIST_KEY_CFBundleDisplayName = "静水";
				INFOPLIST_KEY_UISupportedInterfaceOrientations = "UIInterfaceOrientationPortrait UIInterfaceOrientationLandscapeLeft UIInterfaceOrientationLandscapeRight";
				INFOPLIST_KEY_UISupportedInterfaceOrientations_iPad = "UIInterfaceOrientationPortrait UIInterfaceOrientationPortraitUpsideDown UIInterfaceOrientationLandscapeLeft UIInterfaceOrientationLandscapeRight";
				LD_RUNPATH_SEARCH_PATHS = (
					"$(inherited)",
					"@executable_path/Frameworks",
				);
				MARKETING_VERSION = 1.0.0;
				PRODUCT_BUNDLE_IDENTIFIER = com.heizeer.JingShui;
				PRODUCT_NAME = "$(TARGET_NAME)";
				PROVISIONING_PROFILE_SPECIFIER = "";
				SUPPORTED_PLATFORMS = "iphoneos iphonesimulator";
				SUPPORTS_MACCATALYST = NO;
				SUPPORTS_MAC_DESIGNED_FOR_IPHONE_IPAD = NO;
				SUPPORTS_XR_DESIGNED_FOR_IPHONE_IPAD = NO;
				SWIFT_EMIT_LOC_STRINGS = YES;
				SWIFT_VERSION = 5.0;
				TARGETED_DEVICE_FAMILY = 1;
			};
			name = Debug;
		};
		A1B2C3D4E5F60008000A0022 /* Release */ = {
			isa = XCBuildConfiguration;
			buildSettings = {
				ASSETCATALOG_COMPILER_APPICON_NAME = "静水icon 4";
				ASSETCATALOG_COMPILER_GLOBAL_ACCENT_COLOR_NAME = AccentColor;
				ASSETCATALOG_COMPILER_INCLUDE_ALL_APPICON_ASSETS = NO;
				CODE_SIGN_IDENTITY = "Apple Development";
				CODE_SIGN_STYLE = Automatic;
				CURRENT_PROJECT_VERSION = 2;
				DEVELOPMENT_ASSET_PATHS = "\"MyCoreAssetsApp/Preview Content\"";
				DEVELOPMENT_TEAM = 8QALU472K8;
				ENABLE_PREVIEWS = YES;
				GENERATE_INFOPLIST_FILE = YES;
				INFOPLIST_FILE = MyCoreAssetsApp/Info.plist;
				INFOPLIST_KEY_CFBundleDisplayName = "静水";
				INFOPLIST_KEY_UISupportedInterfaceOrientations = "UIInterfaceOrientationPortrait UIInterfaceOrientationLandscapeLeft UIInterfaceOrientationLandscapeRight";
				INFOPLIST_KEY_UISupportedInterfaceOrientations_iPad = "UIInterfaceOrientationPortrait UIInterfaceOrientationPortraitUpsideDown UIInterfaceOrientationLandscapeLeft UIInterfaceOrientationLandscapeRight";
				LD_RUNPATH_SEARCH_PATHS = (
					"$(inherited)",
					"@executable_path/Frameworks",
				);
				MARKETING_VERSION = 1.0.0;
				PRODUCT_BUNDLE_IDENTIFIER = com.heizeer.JingShui;
				PRODUCT_NAME = "$(TARGET_NAME)";
				PROVISIONING_PROFILE_SPECIFIER = "";
				SUPPORTED_PLATFORMS = "iphoneos iphonesimulator";
				SUPPORTS_MACCATALYST = NO;
				SUPPORTS_MAC_DESIGNED_FOR_IPHONE_IPAD = NO;
				SUPPORTS_XR_DESIGNED_FOR_IPHONE_IPAD = NO;
				SWIFT_EMIT_LOC_STRINGS = YES;
				SWIFT_VERSION = 5.0;
				TARGETED_DEVICE_FAMILY = 1;
			};
			name = Release;
		};
/* End XCBuildConfiguration section */

/* Begin XCConfigurationList section */
		A1B2C3D4E5F60008000A0001 /* Build configuration list for PBXProject "MyCoreAssetsApp" */ = {
			isa = XCConfigurationList;
			buildConfigurations = (
				A1B2C3D4E5F60008000A0011 /* Debug */,
				A1B2C3D4E5F60008000A0012 /* Release */,
			);
			defaultConfigurationIsVisible = 0;
			defaultConfigurationName = Release;
		};
		A1B2C3D4E5F60008000A0003 /* Build configuration list for PBXNativeTarget "MyCoreAssetsApp" */ = {
			isa = XCConfigurationList;
			buildConfigurations = (
				A1B2C3D4E5F60008000A0021 /* Debug */,
				A1B2C3D4E5F60008000A0022 /* Release */,
			);
			defaultConfigurationIsVisible = 0;
			defaultConfigurationName = Release;
		};
/* End XCConfigurationList section */
	};
	rootObject = A1B2C3D4E5F60009000A0001 /* Project object */;
}
